
Microsoft Visual Studio Solution File, Format Version 12.00
# Visual Studio Version 17
VisualStudioVersion = 17.5.33530.505
MinimumVisualStudioVersion = 10.0.40219.1
Project("{FAE04EC0-301F-11D3-BF4B-00C04F79EFBC}") = "AlphaTest", "AlphaTest\AlphaTest.csproj", "{852D157C-2022-4A55-A798-2A7D9B95498C}"
EndProject
Global
	GlobalSection(SolutionConfigurationPlatforms) = preSolution
		Debug|Any CPU = Debug|Any CPU
		Release|Any CPU = Release|Any CPU
	EndGlobalSection
	GlobalSection(ProjectConfigurationPlatforms) = postSolution
		{852D157C-2022-4A55-A798-2A7D9B95498C}.Debug|Any CPU.ActiveCfg = Debug|Any CPU
		{852D157C-2022-4A55-A798-2A7D9B95498C}.Debug|Any CPU.Build.0 = Debug|Any CPU
		{852D157C-2022-4A55-A798-2A7D9B95498C}.Release|Any CPU.ActiveCfg = Release|Any CPU
		{852D157C-2022-4A55-A798-2A7D9B95498C}.Release|Any CPU.Build.0 = Release|Any CPU
	EndGlobalSection
	GlobalSection(SolutionProperties) = preSolution
		HideSolutionNode = FALSE
	EndGlobalSection
	GlobalSection(ExtensibilityGlobals) = postSolution
		SolutionGuid = {7044BC91-B340-495E-9619-B65305F8AC59}
	EndGlobalSection
EndGlobal
